# This file is autogenerated, do not edit; changes may be undone by the next 'dep ensure'.


[[projects]]
  branch = "master"
  name = "github.com/mcuadros/go-version"
  packages = ["."]
  revision = "6d5863ca60fa6fe914b5fd43ed8533d7567c5b0b"

[solve-meta]
  analyzer-name = "dep"
  analyzer-version = 1
  inputs-digest = "6fdffdd1ac587ea8ed189a8595bbaeaca80485b70b69ae2bb135a0298850d65a"
  solver-name = "gps-cdcl"
  solver-version = 1
